{
  "name": "@emotionagency/smoothscroll",
  "version": "0.1.9",
  "lockfileVersion": 1,
  "requires": true,
  "dependencies": {
    "@emotionagency/utils": {
      "version": "0.0.6",
      "resolved": "https://registry.npmjs.org/@emotionagency/utils/-/utils-0.0.6.tgz",
      "integrity": "sha512-ARdRJXhk1Y8PeWuMO4Hfjp+H1n+Xigi0BOf6syDZtbLEWHjY7Aa1gGepgk4UBBxmtFW+1gkt+/K8aDF1SUndyA==",
      "requires": {
        "debounce": "^1.2.0"
      }
    },
    "@types/node": {
      "version": "14.14.14",
      "resolved": "https://registry.npmjs.org/@types/node/-/node-14.14.14.tgz",
      "integrity": "sha512-UHnOPWVWV1z+VV8k6L1HhG7UbGBgIdghqF3l9Ny9ApPghbjICXkUJSd/b9gOgQfjM1r+37cipdw/HJ3F6ICEnQ==",
      "dev": true
    },
    "debounce": {
      "version": "1.2.0",
      "resolved": "https://registry.npmjs.org/debounce/-/debounce-1.2.0.tgz",
      "integrity": "sha512-mYtLl1xfZLi1m4RtQYlZgJUNQjl4ZxVnHzIR8nLLgi4q1YT8o/WM+MK/f8yfcc9s5Ir5zRaPZyZU6xs1Syoocg=="
    },
    "tiny-emitter": {
      "version": "2.1.0",
      "resolved": "https://registry.npmjs.org/tiny-emitter/-/tiny-emitter-2.1.0.tgz",
      "integrity": "sha512-NB6Dk1A9xgQPMoGqC5CVXn123gWyte215ONT5Pp5a0yt4nlEoO1ZWeCwpncaekPHXO60i47ihFnZPiRPjRMq4Q=="
    },
    "virtual-scroll": {
      "version": "2.1.1",
      "resolved": "https://registry.npmjs.org/virtual-scroll/-/virtual-scroll-2.1.1.tgz",
      "integrity": "sha512-sOkn32ErO1rOXyf6v9YKRZ8pj+1JzYfMlM8TFVgGua90dAVlRHvKRWizJs1PmtBCv9zmgOzjyIDl/PLxDt2JOw==",
      "requires": {
        "tiny-emitter": "^2.1.0"
      }
    }
  }
}
